// !$*UTF8*$!
{
	archiveVersion = 1;
	classes = {
	};
	objectVersion = 51;
	objects = {

/* Begin PBXBuildFile section */
		138ADC1A22EC94D70044B0B0 /* AppDelegate.swift in Sources */ = {isa = PBXBuildFile; fileRef = 138ADC1922EC94D70044B0B0 /* AppDelegate.swift */; };
		138ADC1F22EC94D70044B0B0 /* Main.storyboard in Resources */ = {isa = PBXBuildFile; fileRef = 138ADC1D22EC94D70044B0B0 /* Main.storyboard */; };
		138ADC2122EC94D70044B0B0 /* Assets.xcassets in Resources */ = {isa = PBXBuildFile; fileRef = 138ADC2022EC94D70044B0B0 /* Assets.xcassets */; };
		138ADC2422EC94D70044B0B0 /* LaunchScreen.storyboard in Resources */ = {isa = PBXBuildFile; fileRef = 138ADC2222EC94D70044B0B0 /* LaunchScreen.storyboard */; };
		13B13AD522ECA59B00AEF0E8 /* MenuItem.swift in Sources */ = {isa = PBXBuildFile; fileRef = 13B13AD322ECA59B00AEF0E8 /* MenuItem.swift */; };
		13B13AD822ECA8C800AEF0E8 /* MenuViewController.swift in Sources */ = {isa = PBXBuildFile; fileRef = 13B13AD722ECA8C800AEF0E8 /* MenuViewController.swift */; };
		13B13ADC22ECB15F00AEF0E8 /* XibLoadable.swift in Sources */ = {isa = PBXBuildFile; fileRef = 13B13ADB22ECB15F00AEF0E8 /* XibLoadable.swift */; };
		13B13ADE22ECB3C400AEF0E8 /* PointsListViewController.swift in Sources */ = {isa = PBXBuildFile; fileRef = 13B13ADD22ECB3C400AEF0E8 /* PointsListViewController.swift */; };
		13B13AE022ECB6D500AEF0E8 /* MapViewController.swift in Sources */ = {isa = PBXBuildFile; fileRef = 13B13ADF22ECB6D500AEF0E8 /* MapViewController.swift */; };
		13B13AE222ECB6E400AEF0E8 /* ProfileViewController.swift in Sources */ = {isa = PBXBuildFile; fileRef = 13B13AE122ECB6E400AEF0E8 /* ProfileViewController.swift */; };
		13B13AEA22ECEA6F00AEF0E8 /* StoryboardType.swift in Sources */ = {isa = PBXBuildFile; fileRef = 13B13AE922ECEA6F00AEF0E8 /* StoryboardType.swift */; };
		13B13AEC22ECEC9700AEF0E8 /* UIViewController+Storyboard.swift in Sources */ = {isa = PBXBuildFile; fileRef = 13B13AEB22ECEC9700AEF0E8 /* UIViewController+Storyboard.swift */; };
		13B13AEF22ED86FC00AEF0E8 /* PointCell.swift in Sources */ = {isa = PBXBuildFile; fileRef = 13B13AEE22ED86FB00AEF0E8 /* PointCell.swift */; };
		13B13AF522ED97D300AEF0E8 /* Point.swift in Sources */ = {isa = PBXBuildFile; fileRef = 13B13AF422ED97D300AEF0E8 /* Point.swift */; };
		13B13AF822ED988000AEF0E8 /* EmptyView.swift in Sources */ = {isa = PBXBuildFile; fileRef = 13B13AF722ED988000AEF0E8 /* EmptyView.swift */; };
		13B13AFA22ED989E00AEF0E8 /* EmprtyView.xib in Resources */ = {isa = PBXBuildFile; fileRef = 13B13AF922ED989E00AEF0E8 /* EmprtyView.xib */; };
		13B13AFC22ED9C0B00AEF0E8 /* PointCell.xib in Resources */ = {isa = PBXBuildFile; fileRef = 13B13AFB22ED9C0B00AEF0E8 /* PointCell.xib */; };
		13B13AFE22EDA81F00AEF0E8 /* PointsListViewModel.swift in Sources */ = {isa = PBXBuildFile; fileRef = 13B13AFD22EDA81F00AEF0E8 /* PointsListViewModel.swift */; };
		13B13B0022EDA8FC00AEF0E8 /* LoginViewController.swift in Sources */ = {isa = PBXBuildFile; fileRef = 13B13AFF22EDA8FC00AEF0E8 /* LoginViewController.swift */; };
		13B13B0422EDAC4300AEF0E8 /* PointCellViewData.swift in Sources */ = {isa = PBXBuildFile; fileRef = 13B13B0322EDAC4300AEF0E8 /* PointCellViewData.swift */; };
		13B13B1022EDE67000AEF0E8 /* GoogleService-Info.plist in Resources */ = {isa = PBXBuildFile; fileRef = 13B13B0F22EDE67000AEF0E8 /* GoogleService-Info.plist */; };
		13B13B1222EDF27B00AEF0E8 /* LoginFlowCoordinator.swift in Sources */ = {isa = PBXBuildFile; fileRef = 13B13B1122EDF27B00AEF0E8 /* LoginFlowCoordinator.swift */; };
		13D6CF6F22EE3104008E6E1C /* LoadingPresenter.swift in Sources */ = {isa = PBXBuildFile; fileRef = 13D6CF6E22EE3104008E6E1C /* LoadingPresenter.swift */; };
		13D6CF7122EE32E4008E6E1C /* LoadingViewController.swift in Sources */ = {isa = PBXBuildFile; fileRef = 13D6CF7022EE32E4008E6E1C /* LoadingViewController.swift */; };
		8A8CBCCC6AF3E91DCEF196AF /* Pods_it_pinboard_app.framework in Frameworks */ = {isa = PBXBuildFile; fileRef = 9A5005596D3078E1CF007300 /* Pods_it_pinboard_app.framework */; };
/* End PBXBuildFile section */

/* Begin PBXFileReference section */
		138ADC1622EC94D70044B0B0 /* it-pinboard-app.app */ = {isa = PBXFileReference; explicitFileType = wrapper.application; includeInIndex = 0; path = "it-pinboard-app.app"; sourceTree = BUILT_PRODUCTS_DIR; };
		138ADC1922EC94D70044B0B0 /* AppDelegate.swift */ = {isa = PBXFileReference; lastKnownFileType = sourcecode.swift; path = AppDelegate.swift; sourceTree = "<group>"; };
		138ADC1E22EC94D70044B0B0 /* Base */ = {isa = PBXFileReference; lastKnownFileType = file.storyboard; name = Base; path = Base.lproj/Main.storyboard; sourceTree = "<group>"; };
		138ADC2022EC94D70044B0B0 /* Assets.xcassets */ = {isa = PBXFileReference; lastKnownFileType = folder.assetcatalog; path = Assets.xcassets; sourceTree = "<group>"; };
		138ADC2322EC94D70044B0B0 /* Base */ = {isa = PBXFileReference; lastKnownFileType = file.storyboard; name = Base; path = Base.lproj/LaunchScreen.storyboard; sourceTree = "<group>"; };
		138ADC2522EC94D70044B0B0 /* Info.plist */ = {isa = PBXFileReference; lastKnownFileType = text.plist.xml; path = Info.plist; sourceTree = "<group>"; };
		13B13AD322ECA59B00AEF0E8 /* MenuItem.swift */ = {isa = PBXFileReference; fileEncoding = 4; lastKnownFileType = sourcecode.swift; path = MenuItem.swift; sourceTree = "<group>"; };
		13B13AD722ECA8C800AEF0E8 /* MenuViewController.swift */ = {isa = PBXFileReference; lastKnownFileType = sourcecode.swift; path = MenuViewController.swift; sourceTree = "<group>"; };
		13B13ADB22ECB15F00AEF0E8 /* XibLoadable.swift */ = {isa = PBXFileReference; lastKnownFileType = sourcecode.swift; path = XibLoadable.swift; sourceTree = "<group>"; };
		13B13ADD22ECB3C400AEF0E8 /* PointsListViewController.swift */ = {isa = PBXFileReference; lastKnownFileType = sourcecode.swift; path = PointsListViewController.swift; sourceTree = "<group>"; };
		13B13ADF22ECB6D500AEF0E8 /* MapViewController.swift */ = {isa = PBXFileReference; lastKnownFileType = sourcecode.swift; path = MapViewController.swift; sourceTree = "<group>"; };
		13B13AE122ECB6E400AEF0E8 /* ProfileViewController.swift */ = {isa = PBXFileReference; lastKnownFileType = sourcecode.swift; path = ProfileViewController.swift; sourceTree = "<group>"; };
		13B13AE922ECEA6F00AEF0E8 /* StoryboardType.swift */ = {isa = PBXFileReference; lastKnownFileType = sourcecode.swift; path = StoryboardType.swift; sourceTree = "<group>"; };
		13B13AEB22ECEC9700AEF0E8 /* UIViewController+Storyboard.swift */ = {isa = PBXFileReference; lastKnownFileType = sourcecode.swift; path = "UIViewController+Storyboard.swift"; sourceTree = "<group>"; };
		13B13AEE22ED86FB00AEF0E8 /* PointCell.swift */ = {isa = PBXFileReference; lastKnownFileType = sourcecode.swift; path = PointCell.swift; sourceTree = "<group>"; };
		13B13AF422ED97D300AEF0E8 /* Point.swift */ = {isa = PBXFileReference; lastKnownFileType = sourcecode.swift; path = Point.swift; sourceTree = "<group>"; };
		13B13AF722ED988000AEF0E8 /* EmptyView.swift */ = {isa = PBXFileReference; lastKnownFileType = sourcecode.swift; path = EmptyView.swift; sourceTree = "<group>"; };
		13B13AF922ED989E00AEF0E8 /* EmprtyView.xib */ = {isa = PBXFileReference; lastKnownFileType = file.xib; path = EmprtyView.xib; sourceTree = "<group>"; };
		13B13AFB22ED9C0B00AEF0E8 /* PointCell.xib */ = {isa = PBXFileReference; lastKnownFileType = file.xib; path = PointCell.xib; sourceTree = "<group>"; };
		13B13AFD22EDA81F00AEF0E8 /* PointsListViewModel.swift */ = {isa = PBXFileReference; lastKnownFileType = sourcecode.swift; path = PointsListViewModel.swift; sourceTree = "<group>"; };
		13B13AFF22EDA8FC00AEF0E8 /* LoginViewController.swift */ = {isa = PBXFileReference; lastKnownFileType = sourcecode.swift; path = LoginViewController.swift; sourceTree = "<group>"; };
		13B13B0322EDAC4300AEF0E8 /* PointCellViewData.swift */ = {isa = PBXFileReference; lastKnownFileType = sourcecode.swift; path = PointCellViewData.swift; sourceTree = "<group>"; };
		13B13B0F22EDE67000AEF0E8 /* GoogleService-Info.plist */ = {isa = PBXFileReference; fileEncoding = 4; lastKnownFileType = text.plist.xml; path = "GoogleService-Info.plist"; sourceTree = "<group>"; };
		13B13B1122EDF27B00AEF0E8 /* LoginFlowCoordinator.swift */ = {isa = PBXFileReference; lastKnownFileType = sourcecode.swift; path = LoginFlowCoordinator.swift; sourceTree = "<group>"; };
		13D6CF6E22EE3104008E6E1C /* LoadingPresenter.swift */ = {isa = PBXFileReference; lastKnownFileType = sourcecode.swift; path = LoadingPresenter.swift; sourceTree = "<group>"; };
		13D6CF7022EE32E4008E6E1C /* LoadingViewController.swift */ = {isa = PBXFileReference; lastKnownFileType = sourcecode.swift; path = LoadingViewController.swift; sourceTree = "<group>"; };
		9A5005596D3078E1CF007300 /* Pods_it_pinboard_app.framework */ = {isa = PBXFileReference; explicitFileType = wrapper.framework; includeInIndex = 0; path = Pods_it_pinboard_app.framework; sourceTree = BUILT_PRODUCTS_DIR; };
		B049A59B54D20014309B2152 /* Pods-it-pinboard-app.release.xcconfig */ = {isa = PBXFileReference; includeInIndex = 1; lastKnownFileType = text.xcconfig; name = "Pods-it-pinboard-app.release.xcconfig"; path = "Target Support Files/Pods-it-pinboard-app/Pods-it-pinboard-app.release.xcconfig"; sourceTree = "<group>"; };
		E27103DB4DB01835A89ACE8C /* Pods-it-pinboard-app.debug.xcconfig */ = {isa = PBXFileReference; includeInIndex = 1; lastKnownFileType = text.xcconfig; name = "Pods-it-pinboard-app.debug.xcconfig"; path = "Target Support Files/Pods-it-pinboard-app/Pods-it-pinboard-app.debug.xcconfig"; sourceTree = "<group>"; };
/* End PBXFileReference section */

/* Begin PBXFrameworksBuildPhase section */
		138ADC1322EC94D70044B0B0 /* Frameworks */ = {
			isa = PBXFrameworksBuildPhase;
			buildActionMask = 2147483647;
			files = (
				8A8CBCCC6AF3E91DCEF196AF /* Pods_it_pinboard_app.framework in Frameworks */,
			);
			runOnlyForDeploymentPostprocessing = 0;
		};
/* End PBXFrameworksBuildPhase section */

/* Begin PBXGroup section */
		134A9F7922EC9C0C0097DF4D /* Views */ = {
			isa = PBXGroup;
			children = (
				13B13AD422ECA59B00AEF0E8 /* Shared */,
				13B13AD622ECA7BE00AEF0E8 /* Login */,
				13B13AD222ECA59B00AEF0E8 /* Menu */,
				13B13AF022ED870200AEF0E8 /* PointsList */,
				13B13ADF22ECB6D500AEF0E8 /* MapViewController.swift */,
				13B13AE122ECB6E400AEF0E8 /* ProfileViewController.swift */,
			);
			path = Views;
			sourceTree = "<group>";
		};
		134A9F7A22EC9C860097DF4D /* Storyboards */ = {
			isa = PBXGroup;
			children = (
				138ADC1D22EC94D70044B0B0 /* Main.storyboard */,
				138ADC2222EC94D70044B0B0 /* LaunchScreen.storyboard */,
			);
			path = Storyboards;
			sourceTree = "<group>";
		};
		134A9F7B22EC9CAC0097DF4D /* SupportingFiles */ = {
			isa = PBXGroup;
			children = (
				138ADC2522EC94D70044B0B0 /* Info.plist */,
				13B13B0F22EDE67000AEF0E8 /* GoogleService-Info.plist */,
				138ADC2022EC94D70044B0B0 /* Assets.xcassets */,
			);
			path = SupportingFiles;
			sourceTree = "<group>";
		};
		138ADC0D22EC94D70044B0B0 = {
			isa = PBXGroup;
			children = (
				138ADC1822EC94D70044B0B0 /* it-pinboard-app */,
				138ADC1722EC94D70044B0B0 /* Products */,
				BC6BE9CA7D2FA354438D6707 /* Pods */,
				9A13B60C9BDE02D443439AAD /* Frameworks */,
			);
			sourceTree = "<group>";
		};
		138ADC1722EC94D70044B0B0 /* Products */ = {
			isa = PBXGroup;
			children = (
				138ADC1622EC94D70044B0B0 /* it-pinboard-app.app */,
			);
			name = Products;
			sourceTree = "<group>";
		};
		138ADC1822EC94D70044B0B0 /* it-pinboard-app */ = {
			isa = PBXGroup;
			children = (
				138ADC1922EC94D70044B0B0 /* AppDelegate.swift */,
				13B13AF322ED97AB00AEF0E8 /* Business */,
				134A9F7922EC9C0C0097DF4D /* Views */,
				134A9F7A22EC9C860097DF4D /* Storyboards */,
				134A9F7B22EC9CAC0097DF4D /* SupportingFiles */,
			);
			path = "it-pinboard-app";
			sourceTree = "<group>";
		};
		13B13AD222ECA59B00AEF0E8 /* Menu */ = {
			isa = PBXGroup;
			children = (
				13B13AD322ECA59B00AEF0E8 /* MenuItem.swift */,
				13B13AD722ECA8C800AEF0E8 /* MenuViewController.swift */,
			);
			path = Menu;
			sourceTree = "<group>";
		};
		13B13AD422ECA59B00AEF0E8 /* Shared */ = {
			isa = PBXGroup;
			children = (
				13D6CF6D22EE30BD008E6E1C /* Loading */,
				13B13AF622ED986C00AEF0E8 /* EmptyView */,
				13B13ADB22ECB15F00AEF0E8 /* XibLoadable.swift */,
				13B13AE922ECEA6F00AEF0E8 /* StoryboardType.swift */,
				13B13AEB22ECEC9700AEF0E8 /* UIViewController+Storyboard.swift */,
			);
			path = Shared;
			sourceTree = "<group>";
		};
		13B13AD622ECA7BE00AEF0E8 /* Login */ = {
			isa = PBXGroup;
			children = (
				13B13B1122EDF27B00AEF0E8 /* LoginFlowCoordinator.swift */,
				13B13AFF22EDA8FC00AEF0E8 /* LoginViewController.swift */,
			);
			path = Login;
			sourceTree = "<group>";
		};
		13B13AF022ED870200AEF0E8 /* PointsList */ = {
			isa = PBXGroup;
			children = (
				13B13B0122EDA92300AEF0E8 /* View */,
				13B13B0222EDA93C00AEF0E8 /* ViewModel */,
			);
			path = PointsList;
			sourceTree = "<group>";
		};
		13B13AF322ED97AB00AEF0E8 /* Business */ = {
			isa = PBXGroup;
			children = (
				13B13AF422ED97D300AEF0E8 /* Point.swift */,
			);
			path = Business;
			sourceTree = "<group>";
		};
		13B13AF622ED986C00AEF0E8 /* EmptyView */ = {
			isa = PBXGroup;
			children = (
				13B13AF722ED988000AEF0E8 /* EmptyView.swift */,
				13B13AF922ED989E00AEF0E8 /* EmprtyView.xib */,
			);
			path = EmptyView;
			sourceTree = "<group>";
		};
		13B13B0122EDA92300AEF0E8 /* View */ = {
			isa = PBXGroup;
			children = (
				13B13AEE22ED86FB00AEF0E8 /* PointCell.swift */,
				13B13AFB22ED9C0B00AEF0E8 /* PointCell.xib */,
				13B13ADD22ECB3C400AEF0E8 /* PointsListViewController.swift */,
			);
			path = View;
			sourceTree = "<group>";
		};
		13B13B0222EDA93C00AEF0E8 /* ViewModel */ = {
			isa = PBXGroup;
			children = (
				13B13B0322EDAC4300AEF0E8 /* PointCellViewData.swift */,
				13B13AFD22EDA81F00AEF0E8 /* PointsListViewModel.swift */,
			);
			path = ViewModel;
			sourceTree = "<group>";
		};
		13D6CF6D22EE30BD008E6E1C /* Loading */ = {
			isa = PBXGroup;
			children = (
				13D6CF6E22EE3104008E6E1C /* LoadingPresenter.swift */,
				13D6CF7022EE32E4008E6E1C /* LoadingViewController.swift */,
			);
			path = Loading;
			sourceTree = "<group>";
		};
		9A13B60C9BDE02D443439AAD /* Frameworks */ = {
			isa = PBXGroup;
			children = (
				9A5005596D3078E1CF007300 /* Pods_it_pinboard_app.framework */,
			);
			name = Frameworks;
			sourceTree = "<group>";
		};
		BC6BE9CA7D2FA354438D6707 /* Pods */ = {
			isa = PBXGroup;
			children = (
				E27103DB4DB01835A89ACE8C /* Pods-it-pinboard-app.debug.xcconfig */,
				B049A59B54D20014309B2152 /* Pods-it-pinboard-app.release.xcconfig */,
			);
			path = Pods;
			sourceTree = "<group>";
		};
/* End PBXGroup section */

/* Begin PBXNativeTarget section */
		138ADC1522EC94D70044B0B0 /* it-pinboard-app */ = {
			isa = PBXNativeTarget;
			buildConfigurationList = 138ADC2822EC94D70044B0B0 /* Build configuration list for PBXNativeTarget "it-pinboard-app" */;
			buildPhases = (
				8BD4EFC686F2232E9EAEAF07 /* [CP] Check Pods Manifest.lock */,
				138ADC1222EC94D70044B0B0 /* Sources */,
				138ADC1322EC94D70044B0B0 /* Frameworks */,
				138ADC1422EC94D70044B0B0 /* Resources */,
				4AD5928410C8C9377A5E1353 /* [CP] Embed Pods Frameworks */,
				DE7715DF8DFA10D6F5F3E227 /* [CP] Copy Pods Resources */,
			);
			buildRules = (
			);
			dependencies = (
			);
			name = "it-pinboard-app";
			productName = "it-pinboard-app";
			productReference = 138ADC1622EC94D70044B0B0 /* it-pinboard-app.app */;
			productType = "com.apple.product-type.application";
		};
/* End PBXNativeTarget section */

/* Begin PBXProject section */
		138ADC0E22EC94D70044B0B0 /* Project object */ = {
			isa = PBXProject;
			attributes = {
				LastSwiftUpdateCheck = 1030;
				LastUpgradeCheck = 1030;
				ORGANIZATIONNAME = "Kyrylo Matvieiev";
				TargetAttributes = {
					138ADC1522EC94D70044B0B0 = {
						CreatedOnToolsVersion = 10.3;
					};
				};
			};
			buildConfigurationList = 138ADC1122EC94D70044B0B0 /* Build configuration list for PBXProject "it-pinboard-app" */;
			compatibilityVersion = "Xcode 9.3";
			developmentRegion = en;
			hasScannedForEncodings = 0;
			knownRegions = (
				en,
				Base,
			);
			mainGroup = 138ADC0D22EC94D70044B0B0;
			productRefGroup = 138ADC1722EC94D70044B0B0 /* Products */;
			projectDirPath = "";
			projectRoot = "";
			targets = (
				138ADC1522EC94D70044B0B0 /* it-pinboard-app */,
			);
		};
/* End PBXProject section */

/* Begin PBXResourcesBuildPhase section */
		138ADC1422EC94D70044B0B0 /* Resources */ = {
			isa = PBXResourcesBuildPhase;
			buildActionMask = 2147483647;
			files = (
				138ADC2422EC94D70044B0B0 /* LaunchScreen.storyboard in Resources */,
				13B13AFA22ED989E00AEF0E8 /* EmprtyView.xib in Resources */,
				138ADC2122EC94D70044B0B0 /* Assets.xcassets in Resources */,
				13B13AFC22ED9C0B00AEF0E8 /* PointCell.xib in Resources */,
				138ADC1F22EC94D70044B0B0 /* Main.storyboard in Resources */,
				13B13B1022EDE67000AEF0E8 /* GoogleService-Info.plist in Resources */,
			);
			runOnlyForDeploymentPostprocessing = 0;
		};
/* End PBXResourcesBuildPhase section */

/* Begin PBXShellScriptBuildPhase section */
		4AD5928410C8C9377A5E1353 /* [CP] Embed Pods Frameworks */ = {
			isa = PBXShellScriptBuildPhase;
			buildActionMask = 2147483647;
			files = (
			);
			inputFileListPaths = (
				"${PODS_ROOT}/Target Support Files/Pods-it-pinboard-app/Pods-it-pinboard-app-frameworks-${CONFIGURATION}-input-files.xcfilelist",
			);
			name = "[CP] Embed Pods Frameworks";
			outputFileListPaths = (
				"${PODS_ROOT}/Target Support Files/Pods-it-pinboard-app/Pods-it-pinboard-app-frameworks-${CONFIGURATION}-output-files.xcfilelist",
			);
			runOnlyForDeploymentPostprocessing = 0;
			shellPath = /bin/sh;
			shellScript = "\"${PODS_ROOT}/Target Support Files/Pods-it-pinboard-app/Pods-it-pinboard-app-frameworks.sh\"\n";
			showEnvVarsInLog = 0;
		};
		8BD4EFC686F2232E9EAEAF07 /* [CP] Check Pods Manifest.lock */ = {
			isa = PBXShellScriptBuildPhase;
			buildActionMask = 2147483647;
			files = (
			);
			inputFileListPaths = (
			);
			inputPaths = (
				"${PODS_PODFILE_DIR_PATH}/Podfile.lock",
				"${PODS_ROOT}/Manifest.lock",
			);
			name = "[CP] Check Pods Manifest.lock";
			outputFileListPaths = (
			);
			outputPaths = (
				"$(DERIVED_FILE_DIR)/Pods-it-pinboard-app-checkManifestLockResult.txt",
			);
			runOnlyForDeploymentPostprocessing = 0;
			shellPath = /bin/sh;
			shellScript = "diff \"${PODS_PODFILE_DIR_PATH}/Podfile.lock\" \"${PODS_ROOT}/Manifest.lock\" > /dev/null\nif [ $? != 0 ] ; then\n    # print error to STDERR\n    echo \"error: The sandbox is not in sync with the Podfile.lock. Run 'pod install' or update your CocoaPods installation.\" >&2\n    exit 1\nfi\n# This output is used by Xcode 'outputs' to avoid re-running this script phase.\necho \"SUCCESS\" > \"${SCRIPT_OUTPUT_FILE_0}\"\n";
			showEnvVarsInLog = 0;
		};
		DE7715DF8DFA10D6F5F3E227 /* [CP] Copy Pods Resources */ = {
			isa = PBXShellScriptBuildPhase;
			buildActionMask = 2147483647;
			files = (
			);
			inputFileListPaths = (
				"${PODS_ROOT}/Target Support Files/Pods-it-pinboard-app/Pods-it-pinboard-app-resources-${CONFIGURATION}-input-files.xcfilelist",
			);
			name = "[CP] Copy Pods Resources";
			outputFileListPaths = (
				"${PODS_ROOT}/Target Support Files/Pods-it-pinboard-app/Pods-it-pinboard-app-resources-${CONFIGURATION}-output-files.xcfilelist",
			);
			runOnlyForDeploymentPostprocessing = 0;
			shellPath = /bin/sh;
			shellScript = "\"${PODS_ROOT}/Target Support Files/Pods-it-pinboard-app/Pods-it-pinboard-app-resources.sh\"\n";
			showEnvVarsInLog = 0;
		};
/* End PBXShellScriptBuildPhase section */

/* Begin PBXSourcesBuildPhase section */
		138ADC1222EC94D70044B0B0 /* Sources */ = {
			isa = PBXSourcesBuildPhase;
			buildActionMask = 2147483647;
			files = (
				13B13B0022EDA8FC00AEF0E8 /* LoginViewController.swift in Sources */,
				13B13B0422EDAC4300AEF0E8 /* PointCellViewData.swift in Sources */,
				13B13ADE22ECB3C400AEF0E8 /* PointsListViewController.swift in Sources */,
				13B13AE022ECB6D500AEF0E8 /* MapViewController.swift in Sources */,
				13B13AEA22ECEA6F00AEF0E8 /* StoryboardType.swift in Sources */,
				13B13AD522ECA59B00AEF0E8 /* MenuItem.swift in Sources */,
				13B13AFE22EDA81F00AEF0E8 /* PointsListViewModel.swift in Sources */,
				13D6CF6F22EE3104008E6E1C /* LoadingPresenter.swift in Sources */,
				13B13AF822ED988000AEF0E8 /* EmptyView.swift in Sources */,
				13B13ADC22ECB15F00AEF0E8 /* XibLoadable.swift in Sources */,
				13B13AEC22ECEC9700AEF0E8 /* UIViewController+Storyboard.swift in Sources */,
				13B13B1222EDF27B00AEF0E8 /* LoginFlowCoordinator.swift in Sources */,
				13B13AE222ECB6E400AEF0E8 /* ProfileViewController.swift in Sources */,
				13B13AF522ED97D300AEF0E8 /* Point.swift in Sources */,
				138ADC1A22EC94D70044B0B0 /* AppDelegate.swift in Sources */,
				13B13AEF22ED86FC00AEF0E8 /* PointCell.swift in Sources */,
				13B13AD822ECA8C800AEF0E8 /* MenuViewController.swift in Sources */,
				13D6CF7122EE32E4008E6E1C /* LoadingViewController.swift in Sources */,
			);
			runOnlyForDeploymentPostprocessing = 0;
		};
/* End PBXSourcesBuildPhase section */

/* Begin PBXVariantGroup section */
		138ADC1D22EC94D70044B0B0 /* Main.storyboard */ = {
			isa = PBXVariantGroup;
			children = (
				138ADC1E22EC94D70044B0B0 /* Base */,
			);
			name = Main.storyboard;
			sourceTree = "<group>";
		};
		138ADC2222EC94D70044B0B0 /* LaunchScreen.storyboard */ = {
			isa = PBXVariantGroup;
			children = (
				138ADC2322EC94D70044B0B0 /* Base */,
			);
			name = LaunchScreen.storyboard;
			sourceTree = "<group>";
		};
/* End PBXVariantGroup section */

/* Begin XCBuildConfiguration section */
		138ADC2622EC94D70044B0B0 /* Debug */ = {
			isa = XCBuildConfiguration;
			buildSettings = {
				ALWAYS_SEARCH_USER_PATHS = NO;
				CLANG_ANALYZER_NONNULL = YES;
				CLANG_ANALYZER_NUMBER_OBJECT_CONVERSION = YES_AGGRESSIVE;
				CLANG_CXX_LANGUAGE_STANDARD = "gnu++14";
				CLANG_CXX_LIBRARY = "libc++";
				CLANG_ENABLE_MODULES = YES;
				CLANG_ENABLE_OBJC_ARC = YES;
				CLANG_ENABLE_OBJC_WEAK = YES;
				CLANG_WARN_BLOCK_CAPTURE_AUTORELEASING = YES;
				CLANG_WARN_BOOL_CONVERSION = YES;
				CLANG_WARN_COMMA = YES;
				CLANG_WARN_CONSTANT_CONVERSION = YES;
				CLANG_WARN_DEPRECATED_OBJC_IMPLEMENTATIONS = YES;
				CLANG_WARN_DIRECT_OBJC_ISA_USAGE = YES_ERROR;
				CLANG_WARN_DOCUMENTATION_COMMENTS = YES;
				CLANG_WARN_EMPTY_BODY = YES;
				CLANG_WARN_ENUM_CONVERSION = YES;
				CLANG_WARN_INFINITE_RECURSION = YES;
				CLANG_WARN_INT_CONVERSION = YES;
				CLANG_WARN_NON_LITERAL_NULL_CONVERSION = YES;
				CLANG_WARN_OBJC_IMPLICIT_RETAIN_SELF = YES;
				CLANG_WARN_OBJC_LITERAL_CONVERSION = YES;
				CLANG_WARN_OBJC_ROOT_CLASS = YES_ERROR;
				CLANG_WARN_RANGE_LOOP_ANALYSIS = YES;
				CLANG_WARN_STRICT_PROTOTYPES = YES;
				CLANG_WARN_SUSPICIOUS_MOVE = YES;
				CLANG_WARN_UNGUARDED_AVAILABILITY = YES_AGGRESSIVE;
				CLANG_WARN_UNREACHABLE_CODE = YES;
				CLANG_WARN__DUPLICATE_METHOD_MATCH = YES;
				CODE_SIGN_IDENTITY = "iPhone Developer";
				COPY_PHASE_STRIP = NO;
				DEBUG_INFORMATION_FORMAT = dwarf;
				ENABLE_STRICT_OBJC_MSGSEND = YES;
				ENABLE_TESTABILITY = YES;
				GCC_C_LANGUAGE_STANDARD = gnu11;
				GCC_DYNAMIC_NO_PIC = NO;
				GCC_NO_COMMON_BLOCKS = YES;
				GCC_OPTIMIZATION_LEVEL = 0;
				GCC_PREPROCESSOR_DEFINITIONS = (
					"DEBUG=1",
					"$(inherited)",
				);
				GCC_WARN_64_TO_32_BIT_CONVERSION = YES;
				GCC_WARN_ABOUT_RETURN_TYPE = YES_ERROR;
				GCC_WARN_UNDECLARED_SELECTOR = YES;
				GCC_WARN_UNINITIALIZED_AUTOS = YES_AGGRESSIVE;
				GCC_WARN_UNUSED_FUNCTION = YES;
				GCC_WARN_UNUSED_VARIABLE = YES;
				IPHONEOS_DEPLOYMENT_TARGET = 12.4;
				MTL_ENABLE_DEBUG_INFO = INCLUDE_SOURCE;
				MTL_FAST_MATH = YES;
				ONLY_ACTIVE_ARCH = YES;
				SDKROOT = iphoneos;
				SWIFT_ACTIVE_COMPILATION_CONDITIONS = DEBUG;
				SWIFT_OPTIMIZATION_LEVEL = "-Onone";
			};
			name = Debug;
		};
		138ADC2722EC94D70044B0B0 /* Release */ = {
			isa = XCBuildConfiguration;
			buildSettings = {
				ALWAYS_SEARCH_USER_PATHS = NO;
				CLANG_ANALYZER_NONNULL = YES;
				CLANG_ANALYZER_NUMBER_OBJECT_CONVERSION = YES_AGGRESSIVE;
				CLANG_CXX_LANGUAGE_STANDARD = "gnu++14";
				CLANG_CXX_LIBRARY = "libc++";
				CLANG_ENABLE_MODULES = YES;
				CLANG_ENABLE_OBJC_ARC = YES;
				CLANG_ENABLE_OBJC_WEAK = YES;
				CLANG_WARN_BLOCK_CAPTURE_AUTORELEASING = YES;
				CLANG_WARN_BOOL_CONVERSION = YES;
				CLANG_WARN_COMMA = YES;
				CLANG_WARN_CONSTANT_CONVERSION = YES;
				CLANG_WARN_DEPRECATED_OBJC_IMPLEMENTATIONS = YES;
				CLANG_WARN_DIRECT_OBJC_ISA_USAGE = YES_ERROR;
				CLANG_WARN_DOCUMENTATION_COMMENTS = YES;
				CLANG_WARN_EMPTY_BODY = YES;
				CLANG_WARN_ENUM_CONVERSION = YES;
				CLANG_WARN_INFINITE_RECURSION = YES;
				CLANG_WARN_INT_CONVERSION = YES;
				CLANG_WARN_NON_LITERAL_NULL_CONVERSION = YES;
				CLANG_WARN_OBJC_IMPLICIT_RETAIN_SELF = YES;
				CLANG_WARN_OBJC_LITERAL_CONVERSION = YES;
				CLANG_WARN_OBJC_ROOT_CLASS = YES_ERROR;
				CLANG_WARN_RANGE_LOOP_ANALYSIS = YES;
				CLANG_WARN_STRICT_PROTOTYPES = YES;
				CLANG_WARN_SUSPICIOUS_MOVE = YES;
				CLANG_WARN_UNGUARDED_AVAILABILITY = YES_AGGRESSIVE;
				CLANG_WARN_UNREACHABLE_CODE = YES;
				CLANG_WARN__DUPLICATE_METHOD_MATCH = YES;
				CODE_SIGN_IDENTITY = "iPhone Developer";
				COPY_PHASE_STRIP = NO;
				DEBUG_INFORMATION_FORMAT = "dwarf-with-dsym";
				ENABLE_NS_ASSERTIONS = NO;
				ENABLE_STRICT_OBJC_MSGSEND = YES;
				GCC_C_LANGUAGE_STANDARD = gnu11;
				GCC_NO_COMMON_BLOCKS = YES;
				GCC_WARN_64_TO_32_BIT_CONVERSION = YES;
				GCC_WARN_ABOUT_RETURN_TYPE = YES_ERROR;
				GCC_WARN_UNDECLARED_SELECTOR = YES;
				GCC_WARN_UNINITIALIZED_AUTOS = YES_AGGRESSIVE;
				GCC_WARN_UNUSED_FUNCTION = YES;
				GCC_WARN_UNUSED_VARIABLE = YES;
				IPHONEOS_DEPLOYMENT_TARGET = 12.4;
				MTL_ENABLE_DEBUG_INFO = NO;
				MTL_FAST_MATH = YES;
				SDKROOT = iphoneos;
				SWIFT_COMPILATION_MODE = wholemodule;
				SWIFT_OPTIMIZATION_LEVEL = "-O";
				VALIDATE_PRODUCT = YES;
			};
			name = Release;
		};
		138ADC2922EC94D70044B0B0 /* Debug */ = {
			isa = XCBuildConfiguration;
			baseConfigurationReference = E27103DB4DB01835A89ACE8C /* Pods-it-pinboard-app.debug.xcconfig */;
			buildSettings = {
				ASSETCATALOG_COMPILER_APPICON_NAME = AppIcon;
				CODE_SIGN_IDENTITY = "iPhone Developer";
				CODE_SIGN_STYLE = Automatic;
				DEVELOPMENT_TEAM = "";
				INFOPLIST_FILE = "$(SRCROOT)/it-pinboard-app/SupportingFiles/Info.plist";
				LD_RUNPATH_SEARCH_PATHS = (
					"$(inherited)",
					"@executable_path/Frameworks",
				);
				PRODUCT_BUNDLE_IDENTIFIER = "com.it-pinboard-app";
				PRODUCT_NAME = "$(TARGET_NAME)";
				PROVISIONING_PROFILE_SPECIFIER = "";
				SWIFT_VERSION = 5.0;
				TARGETED_DEVICE_FAMILY = "1,2";
			};
			name = Debug;
		};
		138ADC2A22EC94D70044B0B0 /* Release */ = {
			isa = XCBuildConfiguration;
			baseConfigurationReference = B049A59B54D20014309B2152 /* Pods-it-pinboard-app.release.xcconfig */;
			buildSettings = {
				ASSETCATALOG_COMPILER_APPICON_NAME = AppIcon;
				CODE_SIGN_IDENTITY = "iPhone Developer";
				CODE_SIGN_STYLE = Automatic;
				DEVELOPMENT_TEAM = "";
				INFOPLIST_FILE = "$(SRCROOT)/it-pinboard-app/SupportingFiles/Info.plist";
				LD_RUNPATH_SEARCH_PATHS = (
					"$(inherited)",
					"@executable_path/Frameworks",
				);
				PRODUCT_BUNDLE_IDENTIFIER = "com.it-pinboard-app";
				PRODUCT_NAME = "$(TARGET_NAME)";
				PROVISIONING_PROFILE_SPECIFIER = "";
				SWIFT_VERSION = 5.0;
				TARGETED_DEVICE_FAMILY = "1,2";
			};
			name = Release;
		};
/* End XCBuildConfiguration section */

/* Begin XCConfigurationList section */
		138ADC1122EC94D70044B0B0 /* Build configuration list for PBXProject "it-pinboard-app" */ = {
			isa = XCConfigurationList;
			buildConfigurations = (
				138ADC2622EC94D70044B0B0 /* Debug */,
				138ADC2722EC94D70044B0B0 /* Release */,
			);
			defaultConfigurationIsVisible = 0;
			defaultConfigurationName = Release;
		};
		138ADC2822EC94D70044B0B0 /* Build configuration list for PBXNativeTarget "it-pinboard-app" */ = {
			isa = XCConfigurationList;
			buildConfigurations = (
				138ADC2922EC94D70044B0B0 /* Debug */,
				138ADC2A22EC94D70044B0B0 /* Release */,
			);
			defaultConfigurationIsVisible = 0;
			defaultConfigurationName = Release;
		};
/* End XCConfigurationList section */
	};
	rootObject = 138ADC0E22EC94D70044B0B0 /* Project object */;
}
